
Microsoft Visual Studio Solution File, Format Version 12.00
# Visual Studio Version 16
VisualStudioVersion = 16.0.29503.13
MinimumVisualStudioVersion = 10.0.40219.1
Project("{FAE04EC0-301F-11D3-BF4B-00C04F79EFBC}") = "CarToGoAPI", "CarToGoAPI\CarToGoAPI.csproj", "{93F5C4C4-5693-431A-BB4A-43D31B594D98}"
EndProject
Global
	GlobalSection(SolutionConfigurationPlatforms) = preSolution
		Debug|Any CPU = Debug|Any CPU
		Release|Any CPU = Release|Any CPU
	EndGlobalSection
	GlobalSection(ProjectConfigurationPlatforms) = postSolution
		{93F5C4C4-5693-431A-BB4A-43D31B594D98}.Debug|Any CPU.ActiveCfg = Debug|Any CPU
		{93F5C4C4-5693-431A-BB4A-43D31B594D98}.Debug|Any CPU.Build.0 = Debug|Any CPU
		{93F5C4C4-5693-431A-BB4A-43D31B594D98}.Release|Any CPU.ActiveCfg = Release|Any CPU
		{93F5C4C4-5693-431A-BB4A-43D31B594D98}.Release|Any CPU.Build.0 = Release|Any CPU
	EndGlobalSection
	GlobalSection(SolutionProperties) = preSolution
		HideSolutionNode = FALSE
	EndGlobalSection
	GlobalSection(ExtensibilityGlobals) = postSolution
		SolutionGuid = {23D76460-7813-4C8D-9161-D2D00214A0B2}
	EndGlobalSection
EndGlobal
